{
  "lockfileVersion": 1,
  "workspaces": {
    "": {
      "name": "meme-miner",
      "dependencies": {
        "@the-convocation/twitter-scraper": "^0.18.3",
        "axios": "^1.12.2",
        "dotenv": "^17.2.2",
        "fs": "^0.0.1-security",
        "inquirer": "^12.9.6",
        "instagram-private-api": "^1.46.1",
        "simple-json-db": "^2.0.0",
      },
      "devDependencies": {
        "@types/node": "^24.5.2",
      },
    },
  },
  "packages": {
    "@inquirer/ansi": ["@inquirer/ansi@1.0.0", "", {}, "sha512-JWaTfCxI1eTmJ1BIv86vUfjVatOdxwD0DAVKYevY8SazeUUZtW+tNbsdejVO1GYE0GXJW1N1ahmiC3TFd+7wZA=="],

    "@inquirer/checkbox": ["@inquirer/checkbox@4.2.4", "", { "dependencies": { "@inquirer/ansi": "^1.0.0", "@inquirer/core": "^10.2.2", "@inquirer/figures": "^1.0.13", "@inquirer/type": "^3.0.8", "yoctocolors-cjs": "^2.1.2" }, "peerDependencies": { "@types/node": ">=18" }, "optionalPeers": ["@types/node"] }, "sha512-2n9Vgf4HSciFq8ttKXk+qy+GsyTXPV1An6QAwe/8bkbbqvG4VW1I/ZY1pNu2rf+h9bdzMLPbRSfcNxkHBy/Ydw=="],

    "@inquirer/confirm": ["@inquirer/confirm@5.1.18", "", { "dependencies": { "@inquirer/core": "^10.2.2", "@inquirer/type": "^3.0.8" }, "peerDependencies": { "@types/node": ">=18" }, "optionalPeers": ["@types/node"] }, "sha512-MilmWOzHa3Ks11tzvuAmFoAd/wRuaP3SwlT1IZhyMke31FKLxPiuDWcGXhU+PKveNOpAc4axzAgrgxuIJJRmLw=="],

    "@inquirer/core": ["@inquirer/core@10.2.2", "", { "dependencies": { "@inquirer/ansi": "^1.0.0", "@inquirer/figures": "^1.0.13", "@inquirer/type": "^3.0.8", "cli-width": "^4.1.0", "mute-stream": "^2.0.0", "signal-exit": "^4.1.0", "wrap-ansi": "^6.2.0", "yoctocolors-cjs": "^2.1.2" }, "peerDependencies": { "@types/node": ">=18" }, "optionalPeers": ["@types/node"] }, "sha512-yXq/4QUnk4sHMtmbd7irwiepjB8jXU0kkFRL4nr/aDBA2mDz13cMakEWdDwX3eSCTkk03kwcndD1zfRAIlELxA=="],

    "@inquirer/editor": ["@inquirer/editor@4.2.20", "", { "dependencies": { "@inquirer/core": "^10.2.2", "@inquirer/external-editor": "^1.0.2", "@inquirer/type": "^3.0.8" }, "peerDependencies": { "@types/node": ">=18" }, "optionalPeers": ["@types/node"] }, "sha512-7omh5y5bK672Q+Brk4HBbnHNowOZwrb/78IFXdrEB9PfdxL3GudQyDk8O9vQ188wj3xrEebS2M9n18BjJoI83g=="],

    "@inquirer/expand": ["@inquirer/expand@4.0.20", "", { "dependencies": { "@inquirer/core": "^10.2.2", "@inquirer/type": "^3.0.8", "yoctocolors-cjs": "^2.1.2" }, "peerDependencies": { "@types/node": ">=18" }, "optionalPeers": ["@types/node"] }, "sha512-Dt9S+6qUg94fEvgn54F2Syf0Z3U8xmnBI9ATq2f5h9xt09fs2IJXSCIXyyVHwvggKWFXEY/7jATRo2K6Dkn6Ow=="],

    "@inquirer/external-editor": ["@inquirer/external-editor@1.0.2", "", { "dependencies": { "chardet": "^2.1.0", "iconv-lite": "^0.7.0" }, "peerDependencies": { "@types/node": ">=18" }, "optionalPeers": ["@types/node"] }, "sha512-yy9cOoBnx58TlsPrIxauKIFQTiyH+0MK4e97y4sV9ERbI+zDxw7i2hxHLCIEGIE/8PPvDxGhgzIOTSOWcs6/MQ=="],

    "@inquirer/figures": ["@inquirer/figures@1.0.13", "", {}, "sha512-lGPVU3yO9ZNqA7vTYz26jny41lE7yoQansmqdMLBEfqaGsmdg7V3W9mK9Pvb5IL4EVZ9GnSDGMO/cJXud5dMaw=="],

    "@inquirer/input": ["@inquirer/input@4.2.4", "", { "dependencies": { "@inquirer/core": "^10.2.2", "@inquirer/type": "^3.0.8" }, "peerDependencies": { "@types/node": ">=18" }, "optionalPeers": ["@types/node"] }, "sha512-cwSGpLBMwpwcZZsc6s1gThm0J+it/KIJ+1qFL2euLmSKUMGumJ5TcbMgxEjMjNHRGadouIYbiIgruKoDZk7klw=="],

    "@inquirer/number": ["@inquirer/number@3.0.20", "", { "dependencies": { "@inquirer/core": "^10.2.2", "@inquirer/type": "^3.0.8" }, "peerDependencies": { "@types/node": ">=18" }, "optionalPeers": ["@types/node"] }, "sha512-bbooay64VD1Z6uMfNehED2A2YOPHSJnQLs9/4WNiV/EK+vXczf/R988itL2XLDGTgmhMF2KkiWZo+iEZmc4jqg=="],

    "@inquirer/password": ["@inquirer/password@4.0.20", "", { "dependencies": { "@inquirer/ansi": "^1.0.0", "@inquirer/core": "^10.2.2", "@inquirer/type": "^3.0.8" }, "peerDependencies": { "@types/node": ">=18" }, "optionalPeers": ["@types/node"] }, "sha512-nxSaPV2cPvvoOmRygQR+h0B+Av73B01cqYLcr7NXcGXhbmsYfUb8fDdw2Us1bI2YsX+VvY7I7upgFYsyf8+Nug=="],

    "@inquirer/prompts": ["@inquirer/prompts@7.8.6", "", { "dependencies": { "@inquirer/checkbox": "^4.2.4", "@inquirer/confirm": "^5.1.18", "@inquirer/editor": "^4.2.20", "@inquirer/expand": "^4.0.20", "@inquirer/input": "^4.2.4", "@inquirer/number": "^3.0.20", "@inquirer/password": "^4.0.20", "@inquirer/rawlist": "^4.1.8", "@inquirer/search": "^3.1.3", "@inquirer/select": "^4.3.4" }, "peerDependencies": { "@types/node": ">=18" }, "optionalPeers": ["@types/node"] }, "sha512-68JhkiojicX9SBUD8FE/pSKbOKtwoyaVj1kwqLfvjlVXZvOy3iaSWX4dCLsZyYx/5Ur07Fq+yuDNOen+5ce6ig=="],

    "@inquirer/rawlist": ["@inquirer/rawlist@4.1.8", "", { "dependencies": { "@inquirer/core": "^10.2.2", "@inquirer/type": "^3.0.8", "yoctocolors-cjs": "^2.1.2" }, "peerDependencies": { "@types/node": ">=18" }, "optionalPeers": ["@types/node"] }, "sha512-CQ2VkIASbgI2PxdzlkeeieLRmniaUU1Aoi5ggEdm6BIyqopE9GuDXdDOj9XiwOqK5qm72oI2i6J+Gnjaa26ejg=="],

    "@inquirer/search": ["@inquirer/search@3.1.3", "", { "dependencies": { "@inquirer/core": "^10.2.2", "@inquirer/figures": "^1.0.13", "@inquirer/type": "^3.0.8", "yoctocolors-cjs": "^2.1.2" }, "peerDependencies": { "@types/node": ">=18" }, "optionalPeers": ["@types/node"] }, "sha512-D5T6ioybJJH0IiSUK/JXcoRrrm8sXwzrVMjibuPs+AgxmogKslaafy1oxFiorNI4s3ElSkeQZbhYQgLqiL8h6Q=="],

    "@inquirer/select": ["@inquirer/select@4.3.4", "", { "dependencies": { "@inquirer/ansi": "^1.0.0", "@inquirer/core": "^10.2.2", "@inquirer/figures": "^1.0.13", "@inquirer/type": "^3.0.8", "yoctocolors-cjs": "^2.1.2" }, "peerDependencies": { "@types/node": ">=18" }, "optionalPeers": ["@types/node"] }, "sha512-Qp20nySRmfbuJBBsgPU7E/cL62Hf250vMZRzYDcBHty2zdD1kKCnoDFWRr0WO2ZzaXp3R7a4esaVGJUx0E6zvA=="],

    "@inquirer/type": ["@inquirer/type@3.0.8", "", { "peerDependencies": { "@types/node": ">=18" }, "optionalPeers": ["@types/node"] }, "sha512-lg9Whz8onIHRthWaN1Q9EGLa/0LFJjyM8mEUbL1eTi6yMGvBf8gvyDLtxSXztQsxMvhxxNpJYrwa1YHdq+w4Jw=="],

    "@lifeomic/attempt": ["@lifeomic/attempt@3.1.0", "", {}, "sha512-QZqem4QuAnAyzfz+Gj5/+SLxqwCAw2qmt7732ZXodr6VDWGeYLG6w1i/vYLa55JQM9wRuBKLmXmiZ2P0LtE5rw=="],

    "@noble/hashes": ["@noble/hashes@1.8.0", "", {}, "sha512-jCs9ldd7NwzpgXDIf6P3+NrHh9/sD6CQdxHyjQI+h/6rDNo88ypBxxz45UDuZHz9r3tNz7N/VInSVoVdtXEI4A=="],

    "@sinclair/typebox": ["@sinclair/typebox@0.32.35", "", {}, "sha512-Ul3YyOTU++to8cgNkttakC0dWvpERr6RYoHO2W47DLbFvrwBDJUY31B1sImH6JZSYc4Kt4PyHtoPNu+vL2r2dA=="],

    "@the-convocation/twitter-scraper": ["@the-convocation/twitter-scraper@0.18.3", "", { "dependencies": { "@sinclair/typebox": "^0.32.20", "cross-fetch": "^4.0.0-alpha.5", "debug": "^4.4.1", "headers-polyfill": "^3.1.2", "json-stable-stringify": "^1.0.2", "otpauth": "^9.2.2", "set-cookie-parser": "^2.6.0", "tough-cookie": "^4.1.2", "tslib": "^2.5.2" } }, "sha512-opbi58potXnE6d9WpwPRTD98niOdsBd+qo8whtQHIqulJw9HtHgVf2x6bK3nCGLx/m+U7bgJj1xFHPLR1dwl+g=="],

    "@types/bluebird": ["@types/bluebird@3.5.42", "", {}, "sha512-Jhy+MWRlro6UjVi578V/4ZGNfeCOcNCp0YaFNIUGFKlImowqwb1O/22wDVk3FDGMLqxdpOV3qQHD5fPEH4hK6A=="],

    "@types/caseless": ["@types/caseless@0.12.5", "", {}, "sha512-hWtVTC2q7hc7xZ/RLbxapMvDMgUnDvKvMOpKal4DrMyfGBUfB1oKaZlIRr6mJL+If3bAP6sV/QneGzF6tJjZDg=="],

    "@types/chance": ["@types/chance@1.1.7", "", {}, "sha512-40you9610GTQPJyvjMBgmj9wiDO6qXhbfjizNYod/fmvLSfUUxURAJMTD8tjmbcZSsyYE5iEUox61AAcCjW/wQ=="],

    "@types/node": ["@types/node@24.5.2", "", { "dependencies": { "undici-types": "~7.12.0" } }, "sha512-FYxk1I7wPv3K2XBaoyH2cTnocQEu8AOZ60hPbsyukMPLv5/5qr7V1i8PLHdl6Zf87I+xZXFvPCXYjiTFq+YSDQ=="],

    "@types/request": ["@types/request@2.48.13", "", { "dependencies": { "@types/caseless": "*", "@types/node": "*", "@types/tough-cookie": "*", "form-data": "^2.5.5" } }, "sha512-FGJ6udDNUCjd19pp0Q3iTiDkwhYup7J8hpMW9c4k53NrccQFFWKRho6hvtPPEhnXWKvukfwAlB6DbDz4yhH5Gg=="],

    "@types/request-promise": ["@types/request-promise@4.1.51", "", { "dependencies": { "@types/bluebird": "*", "@types/request": "*" } }, "sha512-qVcP9Fuzh9oaAh8oPxiSoWMFGnWKkJDknnij66vi09Yiy62bsSDqtd+fG5kIM9wLLgZsRP3Y6acqj9O/v2ZtRw=="],

    "@types/tough-cookie": ["@types/tough-cookie@4.0.5", "", {}, "sha512-/Ad8+nIOV7Rl++6f1BdKxFSMgmoqEoYbHRpPcx3JEfv8VRsQe9Z4mCXeJBzxs7mbHY/XOZZuXlRNfhpVPbs6ZA=="],

    "ajv": ["ajv@6.12.6", "", { "dependencies": { "fast-deep-equal": "^3.1.1", "fast-json-stable-stringify": "^2.0.0", "json-schema-traverse": "^0.4.1", "uri-js": "^4.2.2" } }, "sha512-j3fVLgvTo527anyYyJOGTYJbG+vnnQYvE0m5mmkc1TK+nxAppkCLMIL0aZ4dblVCNoGShhm+kzE4ZUykBoMg4g=="],

    "ansi-regex": ["ansi-regex@5.0.1", "", {}, "sha512-quJQXlTSUGL2LH9SUXo8VwsY4soanhgo6LNSm84E1LBcE8s3O0wpdiRzyR9z/ZZJMlMWv37qOOb9pdJlMUEKFQ=="],

    "ansi-styles": ["ansi-styles@4.3.0", "", { "dependencies": { "color-convert": "^2.0.1" } }, "sha512-zbB9rCJAT1rbjiVDb2hqKFHNYLxgtk8NURxZ3IZwD3F6NtxbXZQCnnSi1Lkx+IDohdPlFp222wVALIheZJQSEg=="],

    "asn1": ["asn1@0.2.6", "", { "dependencies": { "safer-buffer": "~2.1.0" } }, "sha512-ix/FxPn0MDjeyJ7i/yoHGFt/EX6LyNbxSEhPPXODPL+KB0VPk86UYfL0lMdy+KCnv+fmvIzySwaK5COwqVbWTQ=="],

    "assert-plus": ["assert-plus@1.0.0", "", {}, "sha512-NfJ4UzBCcQGLDlQq7nHxH+tv3kyZ0hHQqF5BO6J7tNJeP5do1llPr8dZ8zHonfhAu0PHAdMkSo+8o0wxg9lZWw=="],

    "asynckit": ["asynckit@0.4.0", "", {}, "sha512-Oei9OH4tRh0YqU3GxhX79dM/mwVgvbZJaSNaRk+bshkj0S5cfHcgYakreBjrHwatXKbz+IoIdYLxrKim2MjW0Q=="],

    "aws-sign2": ["aws-sign2@0.7.0", "", {}, "sha512-08kcGqnYf/YmjoRhfxyu+CLxBjUtHLXLXX/vUfx9l2LYzG3c1m61nrpyFUZI6zeS+Li/wWMMidD9KgrqtGq3mA=="],

    "aws4": ["aws4@1.13.2", "", {}, "sha512-lHe62zvbTB5eEABUVi/AwVh0ZKY9rMMDhmm+eeyuuUQbQ3+J+fONVQOZyj+DdrvD4BY33uYniyRJ4UJIaSKAfw=="],

    "axios": ["axios@1.12.2", "", { "dependencies": { "follow-redirects": "^1.15.6", "form-data": "^4.0.4", "proxy-from-env": "^1.1.0" } }, "sha512-vMJzPewAlRyOgxV2dU0Cuz2O8zzzx9VYtbJOaBgXFeLc4IV/Eg50n4LowmehOOR61S8ZMpc2K5Sa7g6A4jfkUw=="],

    "bcrypt-pbkdf": ["bcrypt-pbkdf@1.0.2", "", { "dependencies": { "tweetnacl": "^0.14.3" } }, "sha512-qeFIXtP4MSoi6NLqO12WfqARWWuCKi2Rn/9hJLEmtB5yTNr9DqFWkJRCf2qShWzPeAMRnOgCrq0sg/KLv5ES9w=="],

    "bignumber.js": ["bignumber.js@9.3.1", "", {}, "sha512-Ko0uX15oIUS7wJ3Rb30Fs6SkVbLmPBAKdlm7q9+ak9bbIeFf0MwuBsQV6z7+X768/cHsfg+WlysDWJcmthjsjQ=="],

    "bluebird": ["bluebird@3.7.2", "", {}, "sha512-XpNj6GDQzdfW+r2Wnn7xiSAd7TM3jzkxGXBGTtWKuSXv1xUV+azxAm8jdWZN06QTQk+2N2XB9jRDkvbmQmcRtg=="],

    "call-bind": ["call-bind@1.0.8", "", { "dependencies": { "call-bind-apply-helpers": "^1.0.0", "es-define-property": "^1.0.0", "get-intrinsic": "^1.2.4", "set-function-length": "^1.2.2" } }, "sha512-oKlSFMcMwpUg2ednkhQ454wfWiU/ul3CkJe/PEHcTKuiX6RpbehUiFMXu13HalGZxfUwCQzZG747YXBn1im9ww=="],

    "call-bind-apply-helpers": ["call-bind-apply-helpers@1.0.2", "", { "dependencies": { "es-errors": "^1.3.0", "function-bind": "^1.1.2" } }, "sha512-Sp1ablJ0ivDkSzjcaJdxEunN5/XvksFJ2sMBFfq6x0ryhQV/2b/KwFe21cMpmHtPOSij8K99/wSfoEuTObmuMQ=="],

    "call-bound": ["call-bound@1.0.4", "", { "dependencies": { "call-bind-apply-helpers": "^1.0.2", "get-intrinsic": "^1.3.0" } }, "sha512-+ys997U96po4Kx/ABpBCqhA9EuxJaQWDQg7295H4hBphv3IZg0boBKuwYpt4YXp6MZ5AmZQnU/tyMTlRpaSejg=="],

    "caseless": ["caseless@0.12.0", "", {}, "sha512-4tYFyifaFfGacoiObjJegolkwSU4xQNGbVgUiNYVUxbQ2x2lUsFvY4hVgVzGiIe6WLOPqycWXA40l+PWsxthUw=="],

    "chance": ["chance@1.1.13", "", {}, "sha512-V6lQCljcLznE7tUYUM9EOAnnKXbctE6j/rdQkYOHIWbfGQbrzTsAXNW9CdU5XCo4ArXQCj/rb6HgxPlmGJcaUg=="],

    "chardet": ["chardet@2.1.0", "", {}, "sha512-bNFETTG/pM5ryzQ9Ad0lJOTa6HWD/YsScAR3EnCPZRPlQh77JocYktSHOUHelyhm8IARL+o4c4F1bP5KVOjiRA=="],

    "class-transformer": ["class-transformer@0.3.2", "", {}, "sha512-9QY6QXBH/+Gt1C3HBmJCrgY6+EFpIa6aLjfDnlXFx0zQl/HjrCE7qoaI0srNrxpMIfsobCpgUdDG5JYtJOpVsw=="],

    "cli-width": ["cli-width@4.1.0", "", {}, "sha512-ouuZd4/dm2Sw5Gmqy6bGyNNNe1qt9RpmxveLSO7KcgsTnU7RXfsw+/bukWGo1abgBiMAic068rclZsO4IWmmxQ=="],

    "color-convert": ["color-convert@2.0.1", "", { "dependencies": { "color-name": "~1.1.4" } }, "sha512-RRECPsj7iu/xb5oKYcsFHSppFNnsj/52OVTRKb4zP5onXwVF3zVmmToNcOfGC+CRDpfK/U584fMg38ZHCaElKQ=="],

    "color-name": ["color-name@1.1.4", "", {}, "sha512-dOy+3AuW3a2wNbZHIuMZpTcgjGuLU/uBL/ubcZF9OXbDo8ff4O8yVp5Bf0efS8uEoYo5q4Fx7dY9OgQGXgAsQA=="],

    "combined-stream": ["combined-stream@1.0.8", "", { "dependencies": { "delayed-stream": "~1.0.0" } }, "sha512-FQN4MRfuJeHf7cBbBMJFXhKSDq+2kAArBlmRBvcvFE5BB1HZKXtSFASDhdlz9zOYwxh8lDdnvmMOe/+5cdoEdg=="],

    "core-util-is": ["core-util-is@1.0.2", "", {}, "sha512-3lqz5YjWTYnW6dlDa5TLaTCcShfar1e40rmcJVwCBJC6mWlFuj0eCHIElmG1g5kyuJ/GD+8Wn4FFCcz4gJPfaQ=="],

    "cross-fetch": ["cross-fetch@4.1.0", "", { "dependencies": { "node-fetch": "^2.7.0" } }, "sha512-uKm5PU+MHTootlWEY+mZ4vvXoCn4fLQxT9dSc1sXVMSFkINTJVN8cAQROpwcKm8bJ/c7rgZVIBWzH5T78sNZZw=="],

    "dashdash": ["dashdash@1.14.1", "", { "dependencies": { "assert-plus": "^1.0.0" } }, "sha512-jRFi8UDGo6j+odZiEpjazZaWqEal3w/basFjQHQEwVtZJGDpxbH1MeYluwCS8Xq5wmLJooDlMgvVarmWfGM44g=="],

    "debug": ["debug@4.4.3", "", { "dependencies": { "ms": "^2.1.3" } }, "sha512-RGwwWnwQvkVfavKVt22FGLw+xYSdzARwm0ru6DhTVA3umU5hZc28V3kO4stgYryrTlLpuvgI9GiijltAjNbcqA=="],

    "define-data-property": ["define-data-property@1.1.4", "", { "dependencies": { "es-define-property": "^1.0.0", "es-errors": "^1.3.0", "gopd": "^1.0.1" } }, "sha512-rBMvIzlpA8v6E+SJZoo++HAYqsLrkg7MSfIinMPFhmkorw7X+dOXVJQs+QT69zGkzMyfDnIMN2Wid1+NbL3T+A=="],

    "delayed-stream": ["delayed-stream@1.0.0", "", {}, "sha512-ZySD7Nf91aLB0RxL4KGrKHBXl7Eds1DAmEdcoVawXnLD7SDhpNgtuII2aAkg7a7QS41jxPSZ17p4VdGnMHk3MQ=="],

    "dotenv": ["dotenv@17.2.2", "", {}, "sha512-Sf2LSQP+bOlhKWWyhFsn0UsfdK/kCWRv1iuA2gXAwt3dyNabr6QSj00I2V10pidqz69soatm9ZwZvpQMTIOd5Q=="],

    "dunder-proto": ["dunder-proto@1.0.1", "", { "dependencies": { "call-bind-apply-helpers": "^1.0.1", "es-errors": "^1.3.0", "gopd": "^1.2.0" } }, "sha512-KIN/nDJBQRcXw0MLVhZE9iQHmG68qAVIBg9CqmUYjmQIhgij9U5MFvrqkUL5FbtyyzZuOeOt0zdeRe4UY7ct+A=="],

    "ecc-jsbn": ["ecc-jsbn@0.1.2", "", { "dependencies": { "jsbn": "~0.1.0", "safer-buffer": "^2.1.0" } }, "sha512-eh9O+hwRHNbG4BLTjEl3nw044CkGm5X6LoaCf7LPp7UU8Qrt47JYNi6nPX8xjW97TKGKm1ouctg0QSpZe9qrnw=="],

    "emoji-regex": ["emoji-regex@8.0.0", "", {}, "sha512-MSjYzcWNOA0ewAHpz0MxpYFvwg6yjy1NG3xteoqz644VCo/RPgnr1/GGt+ic3iJTzQ8Eu3TdM14SawnVUmGE6A=="],

    "es-define-property": ["es-define-property@1.0.1", "", {}, "sha512-e3nRfgfUZ4rNGL232gUgX06QNyyez04KdjFrF+LTRoOXmrOgFKDg4BCdsjW8EnT69eqdYGmRpJwiPVYNrCaW3g=="],

    "es-errors": ["es-errors@1.3.0", "", {}, "sha512-Zf5H2Kxt2xjTvbJvP2ZWLEICxA6j+hAmMzIlypy4xcBg1vKVnx89Wy0GbS+kf5cwCVFFzdCFh2XSCFNULS6csw=="],

    "es-object-atoms": ["es-object-atoms@1.1.1", "", { "dependencies": { "es-errors": "^1.3.0" } }, "sha512-FGgH2h8zKNim9ljj7dankFPcICIK9Cp5bm+c2gQSYePhpaG5+esrLODihIorn+Pe6FGJzWhXQotPv73jTaldXA=="],

    "es-set-tostringtag": ["es-set-tostringtag@2.1.0", "", { "dependencies": { "es-errors": "^1.3.0", "get-intrinsic": "^1.2.6", "has-tostringtag": "^1.0.2", "hasown": "^2.0.2" } }, "sha512-j6vWzfrGVfyXxge+O0x5sh6cvxAog0a/4Rdd2K36zCMV5eJ+/+tOAngRO8cODMNWbVRdVlmGZQL2YS3yR8bIUA=="],

    "extend": ["extend@3.0.2", "", {}, "sha512-fjquC59cD7CyW6urNXK0FBufkZcoiGG80wTuPujX590cB5Ttln20E2UB4S/WARVqhXffZl2LNgS+gQdPIIim/g=="],

    "extsprintf": ["extsprintf@1.3.0", "", {}, "sha512-11Ndz7Nv+mvAC1j0ktTa7fAb0vLyGGX+rMHNBYQviQDGU0Hw7lhctJANqbPhu9nV9/izT/IntTgZ7Im/9LJs9g=="],

    "fast-deep-equal": ["fast-deep-equal@3.1.3", "", {}, "sha512-f3qQ9oQy9j2AhBe/H9VC91wLmKBCCU/gDOnKNAYG5hswO7BLKj09Hc5HYNz9cGI++xlpDCIgDaitVs03ATR84Q=="],

    "fast-json-stable-stringify": ["fast-json-stable-stringify@2.1.0", "", {}, "sha512-lhd/wF+Lk98HZoTCtlVraHtfh5XYijIjalXck7saUtuanSDyLMxnHhSXEDJqHxD7msR8D0uCmqlkwjCV8xvwHw=="],

    "follow-redirects": ["follow-redirects@1.15.11", "", {}, "sha512-deG2P0JfjrTxl50XGCDyfI97ZGVCxIpfKYmfyrQ54n5FO/0gfIES8C/Psl6kWVDolizcaaxZJnTS0QSMxvnsBQ=="],

    "forever-agent": ["forever-agent@0.6.1", "", {}, "sha512-j0KLYPhm6zeac4lz3oJ3o65qvgQCcPubiyotZrXqEaG4hNagNYO8qdlUrX5vwqv9ohqeT/Z3j6+yW067yWWdUw=="],

    "form-data": ["form-data@4.0.4", "", { "dependencies": { "asynckit": "^0.4.0", "combined-stream": "^1.0.8", "es-set-tostringtag": "^2.1.0", "hasown": "^2.0.2", "mime-types": "^2.1.12" } }, "sha512-KrGhL9Q4zjj0kiUt5OO4Mr/A/jlI2jDYs5eHBpYHPcBEVSiipAvn2Ko2HnPe20rmcuuvMHNdZFp+4IlGTMF0Ow=="],

    "fs": ["fs@0.0.1-security", "", {}, "sha512-3XY9e1pP0CVEUCdj5BmfIZxRBTSDycnbqhIOGec9QYtmVH2fbLpj86CFWkrNOkt/Fvty4KZG5lTglL9j/gJ87w=="],

    "function-bind": ["function-bind@1.1.2", "", {}, "sha512-7XHNxH7qX9xG5mIwxkhumTox/MIRNcOgDrxWsMt2pAr23WHp6MrRlN7FBSFpCpr+oVO0F744iUgR82nJMfG2SA=="],

    "get-intrinsic": ["get-intrinsic@1.3.0", "", { "dependencies": { "call-bind-apply-helpers": "^1.0.2", "es-define-property": "^1.0.1", "es-errors": "^1.3.0", "es-object-atoms": "^1.1.1", "function-bind": "^1.1.2", "get-proto": "^1.0.1", "gopd": "^1.2.0", "has-symbols": "^1.1.0", "hasown": "^2.0.2", "math-intrinsics": "^1.1.0" } }, "sha512-9fSjSaos/fRIVIp+xSJlE6lfwhES7LNtKaCBIamHsjr2na1BiABJPo0mOjjz8GJDURarmCPGqaiVg5mfjb98CQ=="],

    "get-proto": ["get-proto@1.0.1", "", { "dependencies": { "dunder-proto": "^1.0.1", "es-object-atoms": "^1.0.0" } }, "sha512-sTSfBjoXBp89JvIKIefqw7U2CCebsc74kiY6awiGogKtoSGbgjYE/G/+l9sF3MWFPNc9IcoOC4ODfKHfxFmp0g=="],

    "getpass": ["getpass@0.1.7", "", { "dependencies": { "assert-plus": "^1.0.0" } }, "sha512-0fzj9JxOLfJ+XGLhR8ze3unN0KZCgZwiSSDz168VERjK8Wl8kVSdcu2kspd4s4wtAa1y/qrVRiAA0WclVsu0ng=="],

    "gopd": ["gopd@1.2.0", "", {}, "sha512-ZUKRh6/kUFoAiTAtTYPZJ3hw9wNxx+BIBOijnlG9PnrJsCcSjs1wyyD6vJpaYtgnzDrKYRSqf3OO6Rfa93xsRg=="],

    "har-schema": ["har-schema@2.0.0", "", {}, "sha512-Oqluz6zhGX8cyRaTQlFMPw80bSJVG2x/cFb8ZPhUILGgHka9SsokCCOQgpveePerqidZOrT14ipqfJb7ILcW5Q=="],

    "har-validator": ["har-validator@5.1.5", "", { "dependencies": { "ajv": "^6.12.3", "har-schema": "^2.0.0" } }, "sha512-nmT2T0lljbxdQZfspsno9hgrG3Uir6Ks5afism62poxqBM6sDnMEuPmzTq8XN0OEwqKLLdh1jQI3qyE66Nzb3w=="],

    "has-property-descriptors": ["has-property-descriptors@1.0.2", "", { "dependencies": { "es-define-property": "^1.0.0" } }, "sha512-55JNKuIW+vq4Ke1BjOTjM2YctQIvCT7GFzHwmfZPGo5wnrgkid0YQtnAleFSqumZm4az3n2BS+erby5ipJdgrg=="],

    "has-symbols": ["has-symbols@1.1.0", "", {}, "sha512-1cDNdwJ2Jaohmb3sg4OmKaMBwuC48sYni5HUw2DvsC8LjGTLK9h+eb1X6RyuOHe4hT0ULCW68iomhjUoKUqlPQ=="],

    "has-tostringtag": ["has-tostringtag@1.0.2", "", { "dependencies": { "has-symbols": "^1.0.3" } }, "sha512-NqADB8VjPFLM2V0VvHUewwwsw0ZWBaIdgo+ieHtK3hasLz4qeCRjYcqfB6AQrBggRKppKF8L52/VqdVsO47Dlw=="],

    "hasown": ["hasown@2.0.2", "", { "dependencies": { "function-bind": "^1.1.2" } }, "sha512-0hJU9SCPvmMzIBdZFqNPXWa6dqh7WdH0cII9y+CyS8rG3nL48Bclra9HmKhVVUHyPWNH5Y7xDwAB7bfgSjkUMQ=="],

    "headers-polyfill": ["headers-polyfill@3.3.0", "", {}, "sha512-5e57etwBpNcDc0b6KCVWEh/Ro063OxPvzVimUdM0/tsYM/T7Hfy3kknIGj78SFTOhNd8AZY41U8mOHoO4LzmIQ=="],

    "http-signature": ["http-signature@1.2.0", "", { "dependencies": { "assert-plus": "^1.0.0", "jsprim": "^1.2.2", "sshpk": "^1.7.0" } }, "sha512-CAbnr6Rz4CYQkLYUtSNXxQPUH2gK8f3iWexVlsnMeD+GjlsQ0Xsy1cOX+mN3dtxYomRy21CiOzU8Uhw6OwncEQ=="],

    "iconv-lite": ["iconv-lite@0.7.0", "", { "dependencies": { "safer-buffer": ">= 2.1.2 < 3.0.0" } }, "sha512-cf6L2Ds3h57VVmkZe+Pn+5APsT7FpqJtEhhieDCvrE2MK5Qk9MyffgQyuxQTm6BChfeZNtcOLHp9IcWRVcIcBQ=="],

    "image-size": ["image-size@0.7.5", "", { "bin": { "image-size": "bin/image-size.js" } }, "sha512-Hiyv+mXHfFEP7LzUL/llg9RwFxxY+o9N3JVLIeG5E7iFIFAalxvRU9UZthBdYDEVnzHMgjnKJPPpay5BWf1g9g=="],

    "inquirer": ["inquirer@12.9.6", "", { "dependencies": { "@inquirer/ansi": "^1.0.0", "@inquirer/core": "^10.2.2", "@inquirer/prompts": "^7.8.6", "@inquirer/type": "^3.0.8", "mute-stream": "^2.0.0", "run-async": "^4.0.5", "rxjs": "^7.8.2" }, "peerDependencies": { "@types/node": ">=18" }, "optionalPeers": ["@types/node"] }, "sha512-603xXOgyfxhuis4nfnWaZrMaotNT0Km9XwwBNWUKbIDqeCY89jGr2F9YPEMiNhU6XjIP4VoWISMBFfcc5NgrTw=="],

    "instagram-private-api": ["instagram-private-api@1.46.1", "", { "dependencies": { "@lifeomic/attempt": "^3.0.0", "@types/chance": "^1.0.2", "@types/request-promise": "^4.1.43", "bluebird": "^3.7.1", "chance": "^1.0.18", "class-transformer": "^0.3.1", "debug": "^4.1.1", "image-size": "^0.7.3", "json-bigint": "^1.0.0", "lodash": "^4.17.20", "luxon": "^1.12.1", "reflect-metadata": "^0.1.13", "request": "^2.88.0", "request-promise": "^4.2.4", "rxjs": "^6.5.2", "snakecase-keys": "^3.1.0", "tough-cookie": "^2.5.0", "ts-custom-error": "^2.2.2", "ts-xor": "^1.0.6", "url-regex-safe": "^3.0.0", "utility-types": "^3.10.0" }, "peerDependencies": { "re2": "^1.17.2" }, "optionalPeers": ["re2"] }, "sha512-fq0q6UfhpikKZ5Kw8HNwS6YpsNghE9I/uc8AM9Do9nsQ+3H1u0jLz+0t/FcGkGTjZz5VGvU8s2VbWj9wxchwYg=="],

    "ip-regex": ["ip-regex@4.3.0", "", {}, "sha512-B9ZWJxHHOHUhUjCPrMpLD4xEq35bUTClHM1S6CBU5ixQnkZmwipwgc96vAd7AAGM9TGHvJR+Uss+/Ak6UphK+Q=="],

    "is-fullwidth-code-point": ["is-fullwidth-code-point@3.0.0", "", {}, "sha512-zymm5+u+sCsSWyD9qNaejV3DFvhCKclKdizYaJUuHA83RLjb7nSuGnddCHGv0hk+KY7BMAlsWeK4Ueg6EV6XQg=="],

    "is-typedarray": ["is-typedarray@1.0.0", "", {}, "sha512-cyA56iCMHAh5CdzjJIa4aohJyeO1YbwLi3Jc35MmRU6poroFjIGZzUzupGiRPOjgHg9TLu43xbpwXk523fMxKA=="],

    "isarray": ["isarray@2.0.5", "", {}, "sha512-xHjhDr3cNBK0BzdUJSPXZntQUx/mwMS5Rw4A7lPJ90XGAO6ISP/ePDNuo0vhqOZU+UD5JoodwCAAoZQd3FeAKw=="],

    "isstream": ["isstream@0.1.2", "", {}, "sha512-Yljz7ffyPbrLpLngrMtZ7NduUgVvi6wG9RJ9IUcyCd59YQ911PBJphODUcbOVbqYfxe1wuYf/LJ8PauMRwsM/g=="],

    "jsbn": ["jsbn@0.1.1", "", {}, "sha512-UVU9dibq2JcFWxQPA6KCqj5O42VOmAY3zQUfEKxU0KpTGXwNoCjkX1e13eHNvw/xPynt6pU0rZ1htjWTNTSXsg=="],

    "json-bigint": ["json-bigint@1.0.0", "", { "dependencies": { "bignumber.js": "^9.0.0" } }, "sha512-SiPv/8VpZuWbvLSMtTDU8hEfrZWg/mH/nV/b4o0CYbSxu1UIQPLdwKOCIyLQX+VIPO5vrLX3i8qtqFyhdPSUSQ=="],

    "json-schema": ["json-schema@0.4.0", "", {}, "sha512-es94M3nTIfsEPisRafak+HDLfHXnKBhV3vU5eqPcS3flIWqcxJWgXHXiey3YrpaNsanY5ei1VoYEbOzijuq9BA=="],

    "json-schema-traverse": ["json-schema-traverse@0.4.1", "", {}, "sha512-xbbCH5dCYU5T8LcEhhuh7HJ88HXuW3qsI3Y0zOZFKfZEHcpWiHU/Jxzk629Brsab/mMiHQti9wMP+845RPe3Vg=="],

    "json-stable-stringify": ["json-stable-stringify@1.3.0", "", { "dependencies": { "call-bind": "^1.0.8", "call-bound": "^1.0.4", "isarray": "^2.0.5", "jsonify": "^0.0.1", "object-keys": "^1.1.1" } }, "sha512-qtYiSSFlwot9XHtF9bD9c7rwKjr+RecWT//ZnPvSmEjpV5mmPOCN4j8UjY5hbjNkOwZ/jQv3J6R1/pL7RwgMsg=="],

    "json-stringify-safe": ["json-stringify-safe@5.0.1", "", {}, "sha512-ZClg6AaYvamvYEE82d3Iyd3vSSIjQ+odgjaTzRuO3s7toCdFKczob2i0zCh7JE8kWn17yvAWhUVxvqGwUalsRA=="],

    "jsonify": ["jsonify@0.0.1", "", {}, "sha512-2/Ki0GcmuqSrgFyelQq9M05y7PS0mEwuIzrf3f1fPqkVDVRvZrPZtVSMHxdgo8Aq0sxAOb/cr2aqqA3LeWHVPg=="],

    "jsprim": ["jsprim@1.4.2", "", { "dependencies": { "assert-plus": "1.0.0", "extsprintf": "1.3.0", "json-schema": "0.4.0", "verror": "1.10.0" } }, "sha512-P2bSOMAc/ciLz6DzgjVlGJP9+BrJWu5UDGK70C2iweC5QBIeFf0ZXRvGjEj2uYgrY2MkAAhsSWHDWlFtEroZWw=="],

    "lodash": ["lodash@4.17.21", "", {}, "sha512-v2kDEe57lecTulaDIuNTPy3Ry4gLGJ6Z1O3vE1krgXZNrsQ+LFTGHVxVjcXPs17LhbZVGedAJv8XZ1tvj5FvSg=="],

    "luxon": ["luxon@1.28.1", "", {}, "sha512-gYHAa180mKrNIUJCbwpmD0aTu9kV0dREDrwNnuyFAsO1Wt0EVYSZelPnJlbj9HplzXX/YWXHFTL45kvZ53M0pw=="],

    "map-obj": ["map-obj@4.3.0", "", {}, "sha512-hdN1wVrZbb29eBGiGjJbeP8JbKjq1urkHJ/LIP/NY48MZ1QVXUsQBV1G1zvYFHn1XE06cwjBsOI2K3Ulnj1YXQ=="],

    "math-intrinsics": ["math-intrinsics@1.1.0", "", {}, "sha512-/IXtbwEk5HTPyEwyKX6hGkYXxM9nbj64B+ilVJnC/R6B0pH5G4V3b0pVbL7DBj4tkhBAppbQUlf6F6Xl9LHu1g=="],

    "mime-db": ["mime-db@1.52.0", "", {}, "sha512-sPU4uV7dYlvtWJxwwxHD0PuihVNiE7TyAbQ5SWxDCB9mUYvOgroQOwYQQOKPJ8CIbE+1ETVlOoK1UC2nU3gYvg=="],

    "mime-types": ["mime-types@2.1.35", "", { "dependencies": { "mime-db": "1.52.0" } }, "sha512-ZDY+bPm5zTTF+YpCrAU9nK0UgICYPT0QtT1NZWFv4s++TNkcgVaT0g6+4R2uI4MjQjzysHB1zxuWL50hzaeXiw=="],

    "ms": ["ms@2.1.3", "", {}, "sha512-6FlzubTLZG3J2a/NVCAleEhjzq5oxgHyaCU9yYXvcLsvoVaHJq/s5xXI6/XXP6tz7R9xAOtHnSO/tXtF3WRTlA=="],

    "mute-stream": ["mute-stream@2.0.0", "", {}, "sha512-WWdIxpyjEn+FhQJQQv9aQAYlHoNVdzIzUySNV1gHUPDSdZJ3yZn7pAAbQcV7B56Mvu881q9FZV+0Vx2xC44VWA=="],

    "node-fetch": ["node-fetch@2.7.0", "", { "dependencies": { "whatwg-url": "^5.0.0" }, "peerDependencies": { "encoding": "^0.1.0" }, "optionalPeers": ["encoding"] }, "sha512-c4FRfUm/dbcWZ7U+1Wq0AwCyFL+3nt2bEw05wfxSz+DWpWsitgmSgYmy2dQdWyKC1694ELPqMs/YzUSNozLt8A=="],

    "oauth-sign": ["oauth-sign@0.9.0", "", {}, "sha512-fexhUFFPTGV8ybAtSIGbV6gOkSv8UtRbDBnAyLQw4QPKkgNlsH2ByPGtMUqdWkos6YCRmAqViwgZrJc/mRDzZQ=="],

    "object-keys": ["object-keys@1.1.1", "", {}, "sha512-NuAESUOUMrlIXOfHKzD6bpPu3tYt3xvjNdRIQ+FeT0lNb4K8WR70CaDxhuNguS2XG+GjkyMwOzsN5ZktImfhLA=="],

    "otpauth": ["otpauth@9.4.1", "", { "dependencies": { "@noble/hashes": "1.8.0" } }, "sha512-+iVvys36CFsyXEqfNftQm1II7SW23W1wx9RwNk0Cd97lbvorqAhBDksb/0bYry087QMxjiuBS0wokdoZ0iUeAw=="],

    "performance-now": ["performance-now@2.1.0", "", {}, "sha512-7EAHlyLHI56VEIdK57uwHdHKIaAGbnXPiw0yWbarQZOKaKpvUIgW0jWRVLiatnM+XXlSwsanIBH/hzGMJulMow=="],

    "proxy-from-env": ["proxy-from-env@1.1.0", "", {}, "sha512-D+zkORCbA9f1tdWRK0RaCR3GPv50cMxcrz4X8k5LTSUD1Dkw47mKJEZQNunItRTkWwgtaUSo1RVFRIG9ZXiFYg=="],

    "psl": ["psl@1.15.0", "", { "dependencies": { "punycode": "^2.3.1" } }, "sha512-JZd3gMVBAVQkSs6HdNZo9Sdo0LNcQeMNP3CozBJb3JYC/QUYZTnKxP+f8oWRX4rHP5EurWxqAHTSwUCjlNKa1w=="],

    "punycode": ["punycode@2.3.1", "", {}, "sha512-vYt7UD1U9Wg6138shLtLOvdAu+8DsC/ilFtEVHcH+wydcSpNE20AfSOduf6MkRFahL5FY7X1oU7nKVZFtfq8Fg=="],

    "qs": ["qs@6.5.3", "", {}, "sha512-qxXIEh4pCGfHICj1mAJQ2/2XVZkjCDTcEgfoSQxc/fYivUZxTkk7L3bDBJSoNrEzXI17oUO5Dp07ktqE5KzczA=="],

    "querystringify": ["querystringify@2.2.0", "", {}, "sha512-FIqgj2EUvTa7R50u0rGsyTftzjYmv/a3hO345bZNrqabNqjtgiDMgmo4mkUjd+nzU5oF3dClKqFIPUKybUyqoQ=="],

    "reflect-metadata": ["reflect-metadata@0.1.14", "", {}, "sha512-ZhYeb6nRaXCfhnndflDK8qI6ZQ/YcWZCISRAWICW9XYqMUwjZM9Z0DveWX/ABN01oxSHwVxKQmxeYZSsm0jh5A=="],

    "request": ["request@2.88.2", "", { "dependencies": { "aws-sign2": "~0.7.0", "aws4": "^1.8.0", "caseless": "~0.12.0", "combined-stream": "~1.0.6", "extend": "~3.0.2", "forever-agent": "~0.6.1", "form-data": "~2.3.2", "har-validator": "~5.1.3", "http-signature": "~1.2.0", "is-typedarray": "~1.0.0", "isstream": "~0.1.2", "json-stringify-safe": "~5.0.1", "mime-types": "~2.1.19", "oauth-sign": "~0.9.0", "performance-now": "^2.1.0", "qs": "~6.5.2", "safe-buffer": "^5.1.2", "tough-cookie": "~2.5.0", "tunnel-agent": "^0.6.0", "uuid": "^3.3.2" } }, "sha512-MsvtOrfG9ZcrOwAW+Qi+F6HbD0CWXEh9ou77uOb7FM2WPhwT7smM833PzanhJLsgXjN89Ir6V2PczXNnMpwKhw=="],

    "request-promise": ["request-promise@4.2.6", "", { "dependencies": { "bluebird": "^3.5.0", "request-promise-core": "1.1.4", "stealthy-require": "^1.1.1", "tough-cookie": "^2.3.3" }, "peerDependencies": { "request": "^2.34" } }, "sha512-HCHI3DJJUakkOr8fNoCc73E5nU5bqITjOYFMDrKHYOXWXrgD/SBaC7LjwuPymUprRyuF06UK7hd/lMHkmUXglQ=="],

    "request-promise-core": ["request-promise-core@1.1.4", "", { "dependencies": { "lodash": "^4.17.19" }, "peerDependencies": { "request": "^2.34" } }, "sha512-TTbAfBBRdWD7aNNOoVOBH4pN/KigV6LyapYNNlAPA8JwbovRti1E88m3sYAwsLi5ryhPKsE9APwnjFTgdUjTpw=="],

    "requires-port": ["requires-port@1.0.0", "", {}, "sha512-KigOCHcocU3XODJxsu8i/j8T9tzT4adHiecwORRQ0ZZFcp7ahwXuRU1m+yuO90C5ZUyGeGfocHDI14M3L3yDAQ=="],

    "run-async": ["run-async@4.0.6", "", {}, "sha512-IoDlSLTs3Yq593mb3ZoKWKXMNu3UpObxhgA/Xuid5p4bbfi2jdY1Hj0m1K+0/tEuQTxIGMhQDqGjKb7RuxGpAQ=="],

    "rxjs": ["rxjs@7.8.2", "", { "dependencies": { "tslib": "^2.1.0" } }, "sha512-dhKf903U/PQZY6boNNtAGdWbG85WAbjT/1xYoZIC7FAY0yWapOBQVsVrDl58W86//e1VpMNBtRV4MaXfdMySFA=="],

    "safe-buffer": ["safe-buffer@5.2.1", "", {}, "sha512-rp3So07KcdmmKbGvgaNxQSJr7bGVSVk5S9Eq1F+ppbRo70+YeaDxkw5Dd8NPN+GD6bjnYm2VuPuCXmpuYvmCXQ=="],

    "safer-buffer": ["safer-buffer@2.1.2", "", {}, "sha512-YZo3K82SD7Riyi0E1EQPojLz7kpepnSQI9IyPbHHg1XXXevb5dJI7tpyN2ADxGcQbHG7vcyRHk0cbwqcQriUtg=="],

    "set-cookie-parser": ["set-cookie-parser@2.7.1", "", {}, "sha512-IOc8uWeOZgnb3ptbCURJWNjWUPcO3ZnTTdzsurqERrP6nPyv+paC55vJM0LpOlT2ne+Ix+9+CRG1MNLlyZ4GjQ=="],

    "set-function-length": ["set-function-length@1.2.2", "", { "dependencies": { "define-data-property": "^1.1.4", "es-errors": "^1.3.0", "function-bind": "^1.1.2", "get-intrinsic": "^1.2.4", "gopd": "^1.0.1", "has-property-descriptors": "^1.0.2" } }, "sha512-pgRc4hJ4/sNjWCSS9AmnS40x3bNMDTknHgL5UaMBTMyJnU90EgWh1Rz+MC9eFu4BuN/UwZjKQuY/1v3rM7HMfg=="],

    "signal-exit": ["signal-exit@4.1.0", "", {}, "sha512-bzyZ1e88w9O1iNJbKnOlvYTrWPDl46O1bG0D3XInv+9tkPrxrN8jUUTiFlDkkmKWgn1M6CfIA13SuGqOa9Korw=="],

    "simple-json-db": ["simple-json-db@2.0.0", "", {}, "sha512-oTh7gFQzqAe0E8RN3EkisPo0CojkzcKCKibTcJncg0yt47hWTaNwwjX/FsxfXSTDxfMjBFXFVnZe/EskAlJr7w=="],

    "snakecase-keys": ["snakecase-keys@3.2.1", "", { "dependencies": { "map-obj": "^4.1.0", "to-snake-case": "^1.0.0" } }, "sha512-CjU5pyRfwOtaOITYv5C8DzpZ8XA/ieRsDpr93HI2r6e3YInC6moZpSQbmUtg8cTk58tq2x3jcG2gv+p1IZGmMA=="],

    "sshpk": ["sshpk@1.18.0", "", { "dependencies": { "asn1": "~0.2.3", "assert-plus": "^1.0.0", "bcrypt-pbkdf": "^1.0.0", "dashdash": "^1.12.0", "ecc-jsbn": "~0.1.1", "getpass": "^0.1.1", "jsbn": "~0.1.0", "safer-buffer": "^2.0.2", "tweetnacl": "~0.14.0" }, "bin": { "sshpk-conv": "bin/sshpk-conv", "sshpk-sign": "bin/sshpk-sign", "sshpk-verify": "bin/sshpk-verify" } }, "sha512-2p2KJZTSqQ/I3+HX42EpYOa2l3f8Erv8MWKsy2I9uf4wA7yFIkXRffYdsx86y6z4vHtV8u7g+pPlr8/4ouAxsQ=="],

    "stealthy-require": ["stealthy-require@1.1.1", "", {}, "sha512-ZnWpYnYugiOVEY5GkcuJK1io5V8QmNYChG62gSit9pQVGErXtrKuPC55ITaVSukmMta5qpMU7vqLt2Lnni4f/g=="],

    "string-width": ["string-width@4.2.3", "", { "dependencies": { "emoji-regex": "^8.0.0", "is-fullwidth-code-point": "^3.0.0", "strip-ansi": "^6.0.1" } }, "sha512-wKyQRQpjJ0sIp62ErSZdGsjMJWsap5oRNihHhu6G7JVO/9jIB6UyevL+tXuOqrng8j/cxKTWyWUwvSTriiZz/g=="],

    "strip-ansi": ["strip-ansi@6.0.1", "", { "dependencies": { "ansi-regex": "^5.0.1" } }, "sha512-Y38VPSHcqkFrCpFnQ9vuSXmquuv5oXOKpGeT6aGrr3o3Gc9AlVa6JBfUSOCnbxGGZF+/0ooI7KrPuUSztUdU5A=="],

    "tlds": ["tlds@1.260.0", "", { "bin": { "tlds": "bin.js" } }, "sha512-78+28EWBhCEE7qlyaHA9OR3IPvbCLiDh3Ckla593TksfFc9vfTsgvH7eS+dr3o9qr31gwGbogcI16yN91PoRjQ=="],

    "to-no-case": ["to-no-case@1.0.2", "", {}, "sha512-Z3g735FxuZY8rodxV4gH7LxClE4H0hTIyHNIHdk+vpQxjLm0cwnKXq/OFVZ76SOQmto7txVcwSCwkU5kqp+FKg=="],

    "to-snake-case": ["to-snake-case@1.0.0", "", { "dependencies": { "to-space-case": "^1.0.0" } }, "sha512-joRpzBAk1Bhi2eGEYBjukEWHOe/IvclOkiJl3DtA91jV6NwQ3MwXA4FHYeqk8BNp/D8bmi9tcNbRu/SozP0jbQ=="],

    "to-space-case": ["to-space-case@1.0.0", "", { "dependencies": { "to-no-case": "^1.0.0" } }, "sha512-rLdvwXZ39VOn1IxGL3V6ZstoTbwLRckQmn/U8ZDLuWwIXNpuZDhQ3AiRUlhTbOXFVE9C+dR51wM0CBDhk31VcA=="],

    "tough-cookie": ["tough-cookie@4.1.4", "", { "dependencies": { "psl": "^1.1.33", "punycode": "^2.1.1", "universalify": "^0.2.0", "url-parse": "^1.5.3" } }, "sha512-Loo5UUvLD9ScZ6jh8beX1T6sO1w2/MpCRpEP7V280GKMVUQ0Jzar2U3UJPsrdbziLEMMhu3Ujnq//rhiFuIeag=="],

    "tr46": ["tr46@0.0.3", "", {}, "sha512-N3WMsuqV66lT30CrXNbEjx4GEwlow3v6rr4mCcv6prnfwhS01rkgyFdjPNBYd9br7LpXV1+Emh01fHnq2Gdgrw=="],

    "ts-custom-error": ["ts-custom-error@2.2.2", "", {}, "sha512-I0FEdfdatDjeigRqh1JFj67bcIKyRNm12UVGheBjs2pXgyELg2xeiQLVaWu1pVmNGXZVnz/fvycSU41moBIpOg=="],

    "ts-xor": ["ts-xor@1.3.0", "", {}, "sha512-RLXVjliCzc1gfKQFLRpfeD0rrWmjnSTgj7+RFhoq3KRkUYa8LE/TIidYOzM5h+IdFBDSjjSgk9Lto9sdMfDFEA=="],

    "tslib": ["tslib@2.8.1", "", {}, "sha512-oJFu94HQb+KVduSUQL7wnpmqnfmLsOA/nAh6b6EH0wCEoK0/mPeXU6c3wKDV83MkOuHPRHtSXKKU99IBazS/2w=="],

    "tunnel-agent": ["tunnel-agent@0.6.0", "", { "dependencies": { "safe-buffer": "^5.0.1" } }, "sha512-McnNiV1l8RYeY8tBgEpuodCC1mLUdbSN+CYBL7kJsJNInOP8UjDDEwdk6Mw60vdLLrr5NHKZhMAOSrR2NZuQ+w=="],

    "tweetnacl": ["tweetnacl@0.14.5", "", {}, "sha512-KXXFFdAbFXY4geFIwoyNK+f5Z1b7swfXABfL7HXCmoIWMKU3dmS26672A4EeQtDzLKy7SXmfBu51JolvEKwtGA=="],

    "undici-types": ["undici-types@7.12.0", "", {}, "sha512-goOacqME2GYyOZZfb5Lgtu+1IDmAlAEu5xnD3+xTzS10hT0vzpf0SPjkXwAw9Jm+4n/mQGDP3LO8CPbYROeBfQ=="],

    "universalify": ["universalify@0.2.0", "", {}, "sha512-CJ1QgKmNg3CwvAv/kOFmtnEN05f0D/cn9QntgNOQlQF9dgvVTHj3t+8JPdjqawCHk7V/KA+fbUqzZ9XWhcqPUg=="],

    "uri-js": ["uri-js@4.4.1", "", { "dependencies": { "punycode": "^2.1.0" } }, "sha512-7rKUyy33Q1yc98pQ1DAmLtwX109F7TIfWlW1Ydo8Wl1ii1SeHieeh0HHfPeL2fMXK6z0s8ecKs9frCuLJvndBg=="],

    "url-parse": ["url-parse@1.5.10", "", { "dependencies": { "querystringify": "^2.1.1", "requires-port": "^1.0.0" } }, "sha512-WypcfiRhfeUP9vvF0j6rw0J3hrWrw6iZv3+22h6iRMJ/8z1Tj6XfLP4DsUix5MhMPnXpiHDoKyoZ/bdCkwBCiQ=="],

    "url-regex-safe": ["url-regex-safe@3.0.0", "", { "dependencies": { "ip-regex": "4.3.0", "tlds": "^1.228.0" }, "peerDependencies": { "re2": "^1.17.2" }, "optionalPeers": ["re2"] }, "sha512-+2U40NrcmtWFVjuxXVt9bGRw6c7/MgkGKN9xIfPrT/2RX0LTkkae6CCEDp93xqUN0UKm/rr821QnHd2dHQmN3A=="],

    "utility-types": ["utility-types@3.11.0", "", {}, "sha512-6Z7Ma2aVEWisaL6TvBCy7P8rm2LQoPv6dJ7ecIaIixHcwfbJ0x7mWdbcwlIM5IGQxPZSFYeqRCqlOOeKoJYMkw=="],

    "uuid": ["uuid@3.4.0", "", { "bin": { "uuid": "./bin/uuid" } }, "sha512-HjSDRw6gZE5JMggctHBcjVak08+KEVhSIiDzFnT9S9aegmp85S/bReBVTb4QTFaRNptJ9kuYaNhnbNEOkbKb/A=="],

    "verror": ["verror@1.10.0", "", { "dependencies": { "assert-plus": "^1.0.0", "core-util-is": "1.0.2", "extsprintf": "^1.2.0" } }, "sha512-ZZKSmDAEFOijERBLkmYfJ+vmk3w+7hOLYDNkRCuRuMJGEmqYNCNLyBBFwWKVMhfwaEF3WOd0Zlw86U/WC/+nYw=="],

    "webidl-conversions": ["webidl-conversions@3.0.1", "", {}, "sha512-2JAn3z8AR6rjK8Sm8orRC0h/bcl/DqL7tRPdGZ4I1CjdF+EaMLmYxBHyXuKL849eucPFhvBoxMsflfOb8kxaeQ=="],

    "whatwg-url": ["whatwg-url@5.0.0", "", { "dependencies": { "tr46": "~0.0.3", "webidl-conversions": "^3.0.0" } }, "sha512-saE57nupxk6v3HY35+jzBwYa0rKSy0XR8JSxZPwgLr7ys0IBzhGviA1/TUGJLmSVqs8pb9AnvICXEuOHLprYTw=="],

    "wrap-ansi": ["wrap-ansi@6.2.0", "", { "dependencies": { "ansi-styles": "^4.0.0", "string-width": "^4.1.0", "strip-ansi": "^6.0.0" } }, "sha512-r6lPcBGxZXlIcymEu7InxDMhdW0KDxpLgoFLcguasxCaJ/SOIZwINatK9KY/tf+ZrlywOKU0UDj3ATXUBfxJXA=="],

    "yoctocolors-cjs": ["yoctocolors-cjs@2.1.3", "", {}, "sha512-U/PBtDf35ff0D8X8D0jfdzHYEPFxAI7jJlxZXwCSez5M3190m+QobIfh+sWDWSHMCWWJN2AWamkegn6vr6YBTw=="],

    "@types/request/form-data": ["form-data@2.5.5", "", { "dependencies": { "asynckit": "^0.4.0", "combined-stream": "^1.0.8", "es-set-tostringtag": "^2.1.0", "hasown": "^2.0.2", "mime-types": "^2.1.35", "safe-buffer": "^5.2.1" } }, "sha512-jqdObeR2rxZZbPSGL+3VckHMYtu+f9//KXBsVny6JSX/pa38Fy+bGjuG8eW/H6USNQWhLi8Num++cU2yOCNz4A=="],

    "instagram-private-api/rxjs": ["rxjs@6.6.7", "", { "dependencies": { "tslib": "^1.9.0" } }, "sha512-hTdwr+7yYNIT5n4AMYp85KA6yw2Va0FLa3Rguvbpa4W3I5xynaBZo41cM3XM+4Q6fRMj3sBYIR1VAmZMXYJvRQ=="],

    "instagram-private-api/tough-cookie": ["tough-cookie@2.5.0", "", { "dependencies": { "psl": "^1.1.28", "punycode": "^2.1.1" } }, "sha512-nlLsUzgm1kfLXSXfRZMc1KLAugd4hqJHDTvc2hDIwS3mZAfMEuMbc03SujMF+GEcpaX/qboeycw6iO8JwVv2+g=="],

    "request/form-data": ["form-data@2.3.3", "", { "dependencies": { "asynckit": "^0.4.0", "combined-stream": "^1.0.6", "mime-types": "^2.1.12" } }, "sha512-1lLKB2Mu3aGP1Q/2eCOx0fNbRMe7XdwktwOruhfqqd0rIJWwN4Dh+E3hrPSlDCXnSR7UtZ1N38rVXm+6+MEhJQ=="],

    "request/tough-cookie": ["tough-cookie@2.5.0", "", { "dependencies": { "psl": "^1.1.28", "punycode": "^2.1.1" } }, "sha512-nlLsUzgm1kfLXSXfRZMc1KLAugd4hqJHDTvc2hDIwS3mZAfMEuMbc03SujMF+GEcpaX/qboeycw6iO8JwVv2+g=="],

    "request-promise/tough-cookie": ["tough-cookie@2.5.0", "", { "dependencies": { "psl": "^1.1.28", "punycode": "^2.1.1" } }, "sha512-nlLsUzgm1kfLXSXfRZMc1KLAugd4hqJHDTvc2hDIwS3mZAfMEuMbc03SujMF+GEcpaX/qboeycw6iO8JwVv2+g=="],

    "instagram-private-api/rxjs/tslib": ["tslib@1.14.1", "", {}, "sha512-Xni35NKzjgMrwevysHTCArtLDpPvye8zV/0E4EyYn43P7/7qvQwPh9BGkHewbMulVntbigmcT7rdX3BNo9wRJg=="],
  }
}
